
Microsoft Visual Studio Solution File, Format Version 12.00
# Visual Studio 15
VisualStudioVersion = 15.0.26228.12
MinimumVisualStudioVersion = 10.0.40219.1
Project("{FAE04EC0-301F-11D3-BF4B-00C04F79EFBC}") = "Argus", "Argus\Argus.csproj", "{88987712-1E5B-4CD6-88F3-35BD775025B0}"
EndProject
Project("{FAE04EC0-301F-11D3-BF4B-00C04F79EFBC}") = "Argus.EntityFramework", "Argus.EntityFramework\Argus.EntityFramework.csproj", "{FA716349-0345-41C3-9361-A15B98FDCD1A}"
EndProject
Project("{FAE04EC0-301F-11D3-BF4B-00C04F79EFBC}") = "Argus.MongoDB", "Argus.MongoDB\Argus.MongoDB.csproj", "{7FBC0A24-DDB6-491D-9CCF-D71BD3098AC8}"
EndProject
Global
	GlobalSection(SolutionConfigurationPlatforms) = preSolution
		Debug|Any CPU = Debug|Any CPU
		Release|Any CPU = Release|Any CPU
	EndGlobalSection
	GlobalSection(ProjectConfigurationPlatforms) = postSolution
		{88987712-1E5B-4CD6-88F3-35BD775025B0}.Debug|Any CPU.ActiveCfg = Debug|Any CPU
		{88987712-1E5B-4CD6-88F3-35BD775025B0}.Debug|Any CPU.Build.0 = Debug|Any CPU
		{88987712-1E5B-4CD6-88F3-35BD775025B0}.Release|Any CPU.ActiveCfg = Release|Any CPU
		{88987712-1E5B-4CD6-88F3-35BD775025B0}.Release|Any CPU.Build.0 = Release|Any CPU
		{FA716349-0345-41C3-9361-A15B98FDCD1A}.Debug|Any CPU.ActiveCfg = Debug|Any CPU
		{FA716349-0345-41C3-9361-A15B98FDCD1A}.Debug|Any CPU.Build.0 = Debug|Any CPU
		{FA716349-0345-41C3-9361-A15B98FDCD1A}.Release|Any CPU.ActiveCfg = Release|Any CPU
		{FA716349-0345-41C3-9361-A15B98FDCD1A}.Release|Any CPU.Build.0 = Release|Any CPU
		{7FBC0A24-DDB6-491D-9CCF-D71BD3098AC8}.Debug|Any CPU.ActiveCfg = Debug|Any CPU
		{7FBC0A24-DDB6-491D-9CCF-D71BD3098AC8}.Debug|Any CPU.Build.0 = Debug|Any CPU
		{7FBC0A24-DDB6-491D-9CCF-D71BD3098AC8}.Release|Any CPU.ActiveCfg = Release|Any CPU
		{7FBC0A24-DDB6-491D-9CCF-D71BD3098AC8}.Release|Any CPU.Build.0 = Release|Any CPU
	EndGlobalSection
	GlobalSection(SolutionProperties) = preSolution
		HideSolutionNode = FALSE
	EndGlobalSection
EndGlobal
